
Microsoft Visual Studio Solution File, Format Version 12.00
# Visual Studio Version 16
VisualStudioVersion = 25.0.1706.1
MinimumVisualStudioVersion = 10.0.40219.1
Project("{FAE04EC0-301F-11D3-BF4B-00C04F79EFBC}") = "GoogleCloudPricingCalculatorTest", "GoogleCloudPricingCalculatorTest\GoogleCloudPricingCalculatorTest.csproj", "{2B9BA41D-3A1F-4A55-A19C-22B9E1D51EFB}"
EndProject
Global
	GlobalSection(SolutionConfigurationPlatforms) = preSolution
		Debug|Any CPU = Debug|Any CPU
		Release|Any CPU = Release|Any CPU
	EndGlobalSection
	GlobalSection(ProjectConfigurationPlatforms) = postSolution
		{2B9BA41D-3A1F-4A55-A19C-22B9E1D51EFB}.Debug|Any CPU.ActiveCfg = Debug|Any CPU
		{2B9BA41D-3A1F-4A55-A19C-22B9E1D51EFB}.Debug|Any CPU.Build.0 = Debug|Any CPU
		{2B9BA41D-3A1F-4A55-A19C-22B9E1D51EFB}.Release|Any CPU.ActiveCfg = Release|Any CPU
		{2B9BA41D-3A1F-4A55-A19C-22B9E1D51EFB}.Release|Any CPU.Build.0 = Release|Any CPU
	EndGlobalSection
	GlobalSection(SolutionProperties) = preSolution
		HideSolutionNode = FALSE
	EndGlobalSection
	GlobalSection(ExtensibilityGlobals) = postSolution
		SolutionGuid = {CF751E63-B963-45BE-B0F5-9984D60244C7}
	EndGlobalSection
EndGlobal
